
Microsoft Visual Studio Solution File, Format Version 12.00
# Visual Studio Version 16
VisualStudioVersion = 16.0.31005.135
MinimumVisualStudioVersion = 10.0.40219.1
Project("{9A19103F-16F7-4668-BE54-9A1E7A4F7556}") = "Graff", "Graff\Graff.csproj", "{1C2124FC-EC71-41EE-BA1C-D056679EE086}"
EndProject
Global
	GlobalSection(SolutionConfigurationPlatforms) = preSolution
		Debug|Any CPU = Debug|Any CPU
		Release|Any CPU = Release|Any CPU
	EndGlobalSection
	GlobalSection(ProjectConfigurationPlatforms) = postSolution
		{1C2124FC-EC71-41EE-BA1C-D056679EE086}.Debug|Any CPU.ActiveCfg = Debug|Any CPU
		{1C2124FC-EC71-41EE-BA1C-D056679EE086}.Debug|Any CPU.Build.0 = Debug|Any CPU
		{1C2124FC-EC71-41EE-BA1C-D056679EE086}.Release|Any CPU.ActiveCfg = Release|Any CPU
		{1C2124FC-EC71-41EE-BA1C-D056679EE086}.Release|Any CPU.Build.0 = Release|Any CPU
	EndGlobalSection
	GlobalSection(SolutionProperties) = preSolution
		HideSolutionNode = FALSE
	EndGlobalSection
	GlobalSection(ExtensibilityGlobals) = postSolution
		SolutionGuid = {34FDB78D-0C63-41ED-B435-7DD1E5C0C6DC}
	EndGlobalSection
EndGlobal
